
Microsoft Visual Studio Solution File, Format Version 12.00
# Visual Studio 2012
Project("{FAE04EC0-301F-11D3-BF4B-00C04F79EFBC}") = "AngularJsAutocomplete", "AngularJsAutocomplete\AngularJsAutocomplete.csproj", "{7CEFCB6F-7F84-40C1-B0BF-83767011BAF1}"
EndProject
Project("{FAE04EC0-301F-11D3-BF4B-00C04F79EFBC}") = "AngularJsAutocomplete.Business", "AngularJsAutocomplete.Business\AngularJsAutocomplete.Business.csproj", "{E5EEE7A4-5B8A-402E-9713-D93742FBB6D6}"
EndProject
Global
	GlobalSection(SolutionConfigurationPlatforms) = preSolution
		Debug|Any CPU = Debug|Any CPU
		Release|Any CPU = Release|Any CPU
	EndGlobalSection
	GlobalSection(ProjectConfigurationPlatforms) = postSolution
		{7CEFCB6F-7F84-40C1-B0BF-83767011BAF1}.Debug|Any CPU.ActiveCfg = Debug|Any CPU
		{7CEFCB6F-7F84-40C1-B0BF-83767011BAF1}.Debug|Any CPU.Build.0 = Debug|Any CPU
		{7CEFCB6F-7F84-40C1-B0BF-83767011BAF1}.Release|Any CPU.ActiveCfg = Release|Any CPU
		{7CEFCB6F-7F84-40C1-B0BF-83767011BAF1}.Release|Any CPU.Build.0 = Release|Any CPU
		{E5EEE7A4-5B8A-402E-9713-D93742FBB6D6}.Debug|Any CPU.ActiveCfg = Debug|Any CPU
		{E5EEE7A4-5B8A-402E-9713-D93742FBB6D6}.Debug|Any CPU.Build.0 = Debug|Any CPU
		{E5EEE7A4-5B8A-402E-9713-D93742FBB6D6}.Release|Any CPU.ActiveCfg = Release|Any CPU
		{E5EEE7A4-5B8A-402E-9713-D93742FBB6D6}.Release|Any CPU.Build.0 = Release|Any CPU
	EndGlobalSection
	GlobalSection(SolutionProperties) = preSolution
		HideSolutionNode = FALSE
	EndGlobalSection
EndGlobal
